<?xml version="1.0" encoding="utf-8"?>
<Project ToolsVersion="4.0" xmlns="http://schemas.microsoft.com/developer/msbuild/2003">
  <ItemGroup>
    <ClCompile Include="Audio\Audio.cpp" />
    <ClCompile Include="Core\Engine.cpp" />
    <ClCompile Include="Core\Events\EventImpl.cpp" />
    <ClCompile Include="Core\FrameRate\FrameRateManager.cpp" />
    <ClCompile Include="Core\FrameRate\GameTimer.cpp" />
    <ClCompile Include="Core\Math\Quaternion.cpp" />
    <ClCompile Include="Graphics\Core\BufferManager.cpp" />
    <ClCompile Include="Graphics\Core\Camera.cpp" />
    <ClCompile Include="Graphics\Core\GPUBuffer.cpp" />
    <ClCompile Include="GameObjects\Components\Component.cpp" />
    <ClCompile Include="GameObjects\GameObject.cpp" />
    <ClCompile Include="GameObjects\GameSystem.cpp" />
    <ClCompile Include="GameObjects\Reflection\GameObjectFactory.cpp" />
    <ClCompile Include="GameObjects\Reflection\GameObjectTypeID.cpp" />
    <ClCompile Include="GameObjects\Serialization\Serializer.cpp" />
    <ClCompile Include="Graphics\Core\GraphicsDevice.cpp" />
    <ClCompile Include="Core\Input\Input.cpp" />
    <ClCompile Include="Graphics\Core\Mesh.cpp" />
    <ClCompile Include="Graphics\Core\Model.cpp" />
    <ClCompile Include="Graphics\Core\RenderTarget.cpp" />
    <ClCompile Include="Graphics\Core\Sampler.cpp" />
    <ClCompile Include="Graphics\Core\Shader.cpp" />
    <ClCompile Include="Graphics\Core\Texture.cpp" />
    <ClCompile Include="Graphics\Core\Window.cpp" />
    <ClCompile Include="Graphics\Graphics.cpp" />
    <ClCompile Include="main.cpp" />
    <ClCompile Include="GameObjects\GameObjectSubclasses\Actor.cpp" />
    <ClCompile Include="Audio\Core\AudioAssetManager.cpp" />
    <ClCompile Include="Audio\Core\AudioData.cpp" />
    <ClCompile Include="Audio\Core\Int24.cpp" />
    <ClCompile Include="Graphics\Core\Cubemap.cpp" />
    <ClCompile Include="Audio\Core\ActiveSound.cpp" />
    <ClCompile Include="Audio\Core\MPSCQueue.cpp" />
    <ClCompile Include="Audio\Core\SoundState.cpp" />
    <ClCompile Include="Editor\Editor.cpp" />
    <ClCompile Include="Editor\ImGui\imgui.cpp" />
    <ClCompile Include="Editor\ImGui\imgui_demo.cpp" />
    <ClCompile Include="Editor\ImGui\imgui_draw.cpp" />
    <ClCompile Include="Editor\ImGui\imgui_impl_dx11.cpp" />
    <ClCompile Include="Editor\ImGui\imgui_impl_win32.cpp" />
    <ClCompile Include="Editor\ImGui\imgui_widgets.cpp" />
    <ClCompile Include="Graphics\Core\ForwardRenderer.cpp" />
    <ClCompile Include="Audio\Core\AudioAssetManager.cpp" />
    <ClCompile Include="Audio\Core\AudioData.cpp" />
    <ClCompile Include="Audio\Core\Int24.cpp" />
    <ClCompile Include="Physics\PhysicsUtil.cpp" />
    <ClCompile Include="Physics\Physics.cpp" />
  </ItemGroup>
  <ItemGroup>
    <ClCompile Include="main.cpp">
      <Filter>Source Files</Filter>
    </ClCompile>
    <ClCompile Include="Core\Events\EventImpl.cpp">
      <Filter>Source Files</Filter>
    </ClCompile>
    <ClCompile Include="Graphics\Core\Window.cpp">
      <Filter>Source Files</Filter>
    </ClCompile>
    <ClCompile Include="Core\Engine.cpp">
      <Filter>Source Files</Filter>
    </ClCompile>
    <ClCompile Include="Core\FrameRate\FrameRateManager.cpp">
      <Filter>Source Files</Filter>
    </ClCompile>
    <ClCompile Include="Core\FrameRate\GameTimer.cpp">
      <Filter>Source Files</Filter>
    </ClCompile>
    <ClCompile Include="Graphics\Graphics.cpp">
      <Filter>Source Files</Filter>
    </ClCompile>
    <ClCompile Include="Audio\Audio.cpp">
    </ClCompile>
    <ClCompile Include="Graphics\Core\GraphicsDevice.cpp">
      <Filter>Source Files</Filter>
    </ClCompile>
    <ClCompile Include="Graphics\Core\Mesh.cpp">
      <Filter>Source Files</Filter>
    </ClCompile>
    <ClCompile Include="Graphics\Core\Model.cpp">
      <Filter>Source Files</Filter>
    </ClCompile>
    <ClCompile Include="Graphics\Core\Shader.cpp">
      <Filter>Source Files</Filter>
    </ClCompile>
    <ClCompile Include="Graphics\Core\RenderTarget.cpp">
      <Filter>Source Files</Filter>
    </ClCompile>
    <ClCompile Include="Graphics\Core\BufferManager.cpp">
      <Filter>Source Files</Filter>
    </ClCompile>
    <ClCompile Include="Graphics\Core\Sampler.cpp">
      <Filter>Source Files</Filter>
    </ClCompile>
    <ClCompile Include="Graphics\Core\Texture.cpp">
      <Filter>Source Files</Filter>
    </ClCompile>
    <ClCompile Include="Core\Math\Quaternion.cpp">
      <Filter>Source Files</Filter>
    </ClCompile>
    <ClCompile Include="Graphics\Core\Camera.cpp">
      <Filter>Source Files</Filter>
    </ClCompile>
    <ClCompile Include="Core\Input\Input.cpp">
      <Filter>Source Files</Filter>
    </ClCompile>
    <ClCompile Include="Graphics\Core\GPUBuffer.cpp">
      <Filter>Source Files</Filter>
    </ClCompile>
    <ClCompile Include="GameObjects\Serialization\Serializer.cpp">
      <Filter>Source Files</Filter>
    </ClCompile>
    <ClCompile Include="GameObjects\GameSystem.cpp">
      <Filter>Source Files</Filter>
    </ClCompile>
    <ClCompile Include="GameObjects\GameObject.cpp">
      <Filter>Source Files</Filter>
    </ClCompile>
    <ClCompile Include="GameObjects\Reflection\GameObjectTypeID.cpp">
      <Filter>Source Files</Filter>
    </ClCompile>
    <ClCompile Include="GameObjects\Reflection\GameObjectFactory.cpp">
      <Filter>Source Files</Filter>
    </ClCompile>
    <ClCompile Include="GameObjects\Components\Component.cpp">
      <Filter>Source Files</Filter>
    </ClCompile>
    <ClInclude Include="Audio\Audio.h" />
    <ClInclude Include="Audio\Core\AudioConfig.h" />
    <ClInclude Include="Common.h" />
    <ClInclude Include="Core\Core.h" />
    <ClInclude Include="Core\Engine.h" />
    <ClInclude Include="Core\Events\EventCommon.h" />
    <ClInclude Include="Core\Events\EventInclude.h" />
    <ClInclude Include="Core\Events\EventListener.h" />
    <ClInclude Include="Core\Events\EventListenerBase.h" />
    <ClInclude Include="Core\Events\EventManager.h" />
    <ClInclude Include="Core\Events\EventRegistry.h" />
    <ClInclude Include="Core\FrameRate\FrameRateManager.h" />
    <ClInclude Include="Core\FrameRate\GameTimer.h" />
    <ClInclude Include="Core\Math\Math.h" />
    <ClInclude Include="Core\Math\Matrix.h" />
    <ClInclude Include="Core\Math\Quaternion.h" />
    <ClInclude Include="Core\Math\Vector.h" />
    <ClInclude Include="Core\Math\Vector2.h" />
    <ClInclude Include="Core\Math\Vector3.h" />
    <ClInclude Include="Core\Math\Vector4.h" />
    <ClInclude Include="Core\Memory\PoolAllocator.h" />
    <ClInclude Include="Core\Memory\StackAllocator.h" />
    <ClInclude Include="Core\System\System.h" />
    <ClInclude Include="Core\System\SystemInclude.h" />
    <ClInclude Include="Core\System\SystemRegistry.h" />
    <ClInclude Include="Core\Util.h" />
    <ClInclude Include="Graphics\Core\BufferManager.h" />
    <ClInclude Include="Graphics\Core\Camera.h" />
    <ClInclude Include="Graphics\Core\GPUBuffer.h" />
    <ClInclude Include="GameObjects\Components\Component.h" />
    <ClInclude Include="GameObjects\GameObject.h" />
    <ClInclude Include="GameObjects\GameSystem.h" />
    <ClInclude Include="GameObjects\Reflection\GameObjectFactory.h" />
    <ClInclude Include="GameObjects\Reflection\GameObjectTypeID.h" />
    <ClInclude Include="GameObjects\Reflection\GameObjectTypeInclude.h" />
    <ClInclude Include="GameObjects\Reflection\GameObjectTypeRegistry.h" />
    <ClInclude Include="GameObjects\Serialization\Serializer.h" />
    <ClInclude Include="Graphics\Core\GraphicsDevice.h" />
    <ClInclude Include="Core\Input\Input.h" />
    <ClInclude Include="Graphics\Core\Light.h" />
    <ClInclude Include="Graphics\Core\Mesh.h" />
    <ClInclude Include="Graphics\Core\Model.h" />
    <ClInclude Include="Graphics\Core\RenderTarget.h" />
    <ClInclude Include="Graphics\Core\Sampler.h" />
    <ClInclude Include="Graphics\Core\Shader.h" />
    <ClInclude Include="Graphics\Core\Texture.h" />
    <ClInclude Include="Graphics\Graphics.h" />
    <ClInclude Include="Graphics\Core\Window.h" />
    <ClInclude Include="Graphics\Headers\Assimp.h" />
    <ClInclude Include="Graphics\Headers\DX11.h" />
    <ClInclude Include="Graphics\Headers\DXMath.h" />
    <ClInclude Include="Graphics\Headers\GraphicsCommon.h" />
    <ClInclude Include="Physics\Physics.h" />
    <ClInclude Include="GameObjects\Components\ComponentInclude.h" />
    <ClInclude Include="GameObjects\GameObjectSubclasses\Actor.h" />
    <ClInclude Include="GameObjects\Transform.h" />
  </ItemGroup>
  <ItemGroup>
    <ClInclude Include="Physics\Physics.h">
      <Filter>Header Files</Filter>
    </ClInclude>
    <ClInclude Include="Graphics\Graphics.h">
      <Filter>Header Files</Filter>
    </ClInclude>
    <ClInclude Include="Core\Core.h">
      <Filter>Header Files</Filter>
    </ClInclude>
    <ClInclude Include="Audio\Audio.h">
      <Filter>Header Files</Filter>
    </ClInclude>
    <ClInclude Include="Core\Events\EventCommon.h">
      <Filter>Header Files</Filter>
    </ClInclude>
    <ClInclude Include="Core\Events\EventInclude.h">
      <Filter>Header Files</Filter>
    </ClInclude>
    <ClInclude Include="Core\Events\EventListener.h">
      <Filter>Header Files</Filter>
    </ClInclude>
    <ClInclude Include="Core\Events\EventListenerBase.h">
      <Filter>Header Files</Filter>
    </ClInclude>
    <ClInclude Include="Core\Events\EventManager.h">
      <Filter>Header Files</Filter>
    </ClInclude>
    <ClInclude Include="Core\Events\EventRegistry.h">
      <Filter>Header Files</Filter>
    </ClInclude>
    <ClInclude Include="Core\Util.h">
      <Filter>Header Files</Filter>
    </ClInclude>
    <ClInclude Include="Core\Memory\StackAllocator.h">
      <Filter>Header Files</Filter>
    </ClInclude>
    <ClInclude Include="Core\Memory\PoolAllocator.h">
      <Filter>Header Files</Filter>
    </ClInclude>
    <ClInclude Include="Common.h">
      <Filter>Header Files</Filter>
    </ClInclude>
    <ClInclude Include="Graphics\Core\Window.h">
      <Filter>Header Files</Filter>
    </ClInclude>
    <ClInclude Include="Graphics\Headers\Assimp.h">
      <Filter>Header Files</Filter>
    </ClInclude>
    <ClInclude Include="Graphics\Headers\DX11.h">
      <Filter>Header Files</Filter>
    </ClInclude>
    <ClInclude Include="Graphics\Headers\DXMath.h">
      <Filter>Header Files</Filter>
    </ClInclude>
    <ClInclude Include="Graphics\Headers\GraphicsCommon.h">
      <Filter>Header Files</Filter>
    </ClInclude>
    <ClInclude Include="Core\Engine.h">
      <Filter>Header Files</Filter>
    </ClInclude>
    <ClInclude Include="Core\FrameRate\FrameRateManager.h">
      <Filter>Header Files</Filter>
    </ClInclude>
    <ClInclude Include="Core\FrameRate\GameTimer.h">
      <Filter>Header Files</Filter>
    </ClInclude>
    <ClInclude Include="Core\System\System.h">
      <Filter>Header Files</Filter>
    </ClInclude>
    <ClInclude Include="Core\System\SystemInclude.h">
      <Filter>Header Files</Filter>
    </ClInclude>
    <ClInclude Include="Core\System\SystemRegistry.h">
      <Filter>Header Files</Filter>
    </ClInclude>
    <ClInclude Include="Core\Math\Math.h">
      <Filter>Header Files</Filter>
    </ClInclude>
    <ClInclude Include="Core\Math\Matrix.h">
      <Filter>Header Files</Filter>
    </ClInclude>
    <ClInclude Include="Core\Math\Vector.h">
      <Filter>Header Files</Filter>
    </ClInclude>
    <ClInclude Include="Core\Math\Vector2.h">
      <Filter>Header Files</Filter>
    </ClInclude>
    <ClInclude Include="Core\Math\Vector3.h">
      <Filter>Header Files</Filter>
    </ClInclude>
    <ClInclude Include="Core\Math\Vector4.h">
      <Filter>Header Files</Filter>
    </ClInclude>
    <ClInclude Include="Audio\Core\AudioConfig.h">
      <Filter>Header Files</Filter>
    </ClInclude>
    <ClInclude Include="Graphics\Core\GraphicsDevice.h">
      <Filter>Header Files</Filter>
    </ClInclude>
    <ClInclude Include="Graphics\Core\Mesh.h">
      <Filter>Header Files</Filter>
    </ClInclude>
    <ClInclude Include="Graphics\Core\Model.h">
      <Filter>Header Files</Filter>
    </ClInclude>
    <ClInclude Include="Graphics\Core\Shader.h">
      <Filter>Header Files</Filter>
    </ClInclude>
    <ClInclude Include="Graphics\Core\Light.h">
      <Filter>Header Files</Filter>
    </ClInclude>
    <ClInclude Include="Graphics\Core\BufferManager.h">
      <Filter>Header Files</Filter>
    </ClInclude>
    <ClInclude Include="Graphics\Core\RenderTarget.h">
      <Filter>Header Files</Filter>
    </ClInclude>
    <ClInclude Include="Graphics\Core\Texture.h">
      <Filter>Header Files</Filter>
    </ClInclude>
    <ClInclude Include="Graphics\Core\Sampler.h">
      <Filter>Header Files</Filter>
    </ClInclude>
    <ClInclude Include="Core\Math\Quaternion.h">
      <Filter>Header Files</Filter>
    </ClInclude>
    <ClInclude Include="Graphics\Core\Camera.h">
      <Filter>Header Files</Filter>
    </ClInclude>
    <ClInclude Include="Core\Input\Input.h">
      <Filter>Header Files</Filter>
    </ClInclude>
    <ClInclude Include="Graphics\Core\GPUBuffer.h">
      <Filter>Header Files</Filter>
    </ClInclude>
    <ClInclude Include="GameObjects\Serialization\Serializer.h">
      <Filter>Header Files</Filter>
    </ClInclude>
    <ClInclude Include="GameObjects\GameObject.h">
      <Filter>Header Files</Filter>
    </ClInclude>
    <ClInclude Include="GameObjects\GameSystem.h">
      <Filter>Header Files</Filter>
    </ClInclude>
    <ClInclude Include="GameObjects\Reflection\GameObjectTypeInclude.h">
      <Filter>Header Files</Filter>
    </ClInclude>
    <ClInclude Include="GameObjects\Reflection\GameObjectTypeRegistry.h">
      <Filter>Header Files</Filter>
    </ClInclude>
    <ClInclude Include="GameObjects\Reflection\GameObjectTypeID.h">
      <Filter>Header Files</Filter>
    </ClInclude>
    <ClInclude Include="GameObjects\Reflection\GameObjectFactory.h">
      <Filter>Header Files</Filter>
    </ClInclude>
    <ClInclude Include="GameObjects\Components\Component.h">
      <Filter>Header Files</Filter>
    </ClInclude>
    <ClInclude Include="Audio\Core\AudioAssetManager.h" />
    <ClInclude Include="Audio\Core\AudioData.h" />
    <ClInclude Include="Audio\Core\FileDefinitions.h" />
    <ClInclude Include="Audio\Core\Int24.h" />
    <ClInclude Include="Audio\Core\SoundAsset.h" />
    <ClInclude Include="Graphics\Core\Cubemap.h" />
    <ClInclude Include="Graphics\Headers\STB.h" />
    <ClInclude Include="Audio\Core\ActiveSound.h" />
    <ClInclude Include="Audio\Core\MPSCQueue.h" />
    <ClInclude Include="Audio\Core\SoundState.h" />
    <ClInclude Include="Audio\Core\3DSoundAttributes.h" />
    <ClInclude Include="Editor\Editor.h" />
    <ClInclude Include="Editor\ImGui\imconfig.h" />
    <ClInclude Include="Editor\ImGui\imgui.h" />
    <ClInclude Include="Editor\ImGui\imgui_impl_dx11.h" />
    <ClInclude Include="Editor\ImGui\imgui_impl_win32.h" />
    <ClInclude Include="Editor\ImGui\imgui_internal.h" />
    <ClInclude Include="Editor\ImGui\imstb_rectpack.h" />
    <ClInclude Include="Editor\ImGui\imstb_textedit.h" />
    <ClInclude Include="Editor\ImGui\imstb_truetype.h" />
    <ClInclude Include="Graphics\Core\ForwardRenderer.h" />
    <ClInclude Include="Graphics\Core\Scene.h" />
    <ClInclude Include="Audio\Core\AudioAssetManager.h" />
    <ClInclude Include="Audio\Core\AudioData.h" />
    <ClInclude Include="Audio\Core\FileDefinitions.h" />
    <ClInclude Include="Audio\Core\Int24.h" />
    <ClInclude Include="Audio\Core\SoundAsset.h" />
    <ClInclude Include="Physics\Body.h" />
    <ClInclude Include="Physics\Collider.h" />
    <ClInclude Include="Physics\PhysicsUtil.h" />
    <ClInclude Include="Core\Events\EventStructTypes.h" />
  </ItemGroup>
  <ItemGroup>
    <None Include="Editor\ImGui\.editorconfig" />
    <None Include="Editor\ImGui\.travis.yml" />
  </ItemGroup>
  <ItemGroup>
    <Text Include="Editor\ImGui\LICENSE.txt" />
  </ItemGroup>
</Project>